
Microsoft Visual Studio Solution File, Format Version 12.00
# Visual Studio Version 16
VisualStudioVersion = 16.0.31229.75
MinimumVisualStudioVersion = 10.0.40219.1
Project("{FAE04EC0-301F-11D3-BF4B-00C04F79EFBC}") = "ProjetoSeries", "ProjetoSeries\ProjetoSeries.csproj", "{089969F0-18A8-4768-824C-BDF53B7B71A0}"
EndProject
Global
	GlobalSection(SolutionConfigurationPlatforms) = preSolution
		Debug|Any CPU = Debug|Any CPU
		Release|Any CPU = Release|Any CPU
	EndGlobalSection
	GlobalSection(ProjectConfigurationPlatforms) = postSolution
		{089969F0-18A8-4768-824C-BDF53B7B71A0}.Debug|Any CPU.ActiveCfg = Debug|Any CPU
		{089969F0-18A8-4768-824C-BDF53B7B71A0}.Debug|Any CPU.Build.0 = Debug|Any CPU
		{089969F0-18A8-4768-824C-BDF53B7B71A0}.Release|Any CPU.ActiveCfg = Release|Any CPU
		{089969F0-18A8-4768-824C-BDF53B7B71A0}.Release|Any CPU.Build.0 = Release|Any CPU
	EndGlobalSection
	GlobalSection(SolutionProperties) = preSolution
		HideSolutionNode = FALSE
	EndGlobalSection
	GlobalSection(ExtensibilityGlobals) = postSolution
		SolutionGuid = {DFC1869F-BF38-4786-A4B0-3199BD3FBA5F}
	EndGlobalSection
EndGlobal
